
Microsoft Visual Studio Solution File, Format Version 12.00
# Visual Studio 15
VisualStudioVersion = 15.0.28010.2050
MinimumVisualStudioVersion = 10.0.40219.1
Project("{FAE04EC0-301F-11D3-BF4B-00C04F79EFBC}") = "I7BAC", "I7BAC\I7BAC.csproj", "{1D94C88E-0D26-4786-8BF7-C1AE3D3B303D}"
EndProject
Project("{FAE04EC0-301F-11D3-BF4B-00C04F79EFBC}") = "I7BAC_Test", "I7BAC_Test\I7BAC_Test.csproj", "{45E9CA1F-5A54-4620-A97F-90B64A82E756}"
EndProject
Global
	GlobalSection(SolutionConfigurationPlatforms) = preSolution
		Debug|Any CPU = Debug|Any CPU
		Release|Any CPU = Release|Any CPU
	EndGlobalSection
	GlobalSection(ProjectConfigurationPlatforms) = postSolution
		{1D94C88E-0D26-4786-8BF7-C1AE3D3B303D}.Debug|Any CPU.ActiveCfg = Debug|Any CPU
		{1D94C88E-0D26-4786-8BF7-C1AE3D3B303D}.Debug|Any CPU.Build.0 = Debug|Any CPU
		{1D94C88E-0D26-4786-8BF7-C1AE3D3B303D}.Release|Any CPU.ActiveCfg = Release|Any CPU
		{1D94C88E-0D26-4786-8BF7-C1AE3D3B303D}.Release|Any CPU.Build.0 = Release|Any CPU
		{45E9CA1F-5A54-4620-A97F-90B64A82E756}.Debug|Any CPU.ActiveCfg = Debug|Any CPU
		{45E9CA1F-5A54-4620-A97F-90B64A82E756}.Debug|Any CPU.Build.0 = Debug|Any CPU
		{45E9CA1F-5A54-4620-A97F-90B64A82E756}.Release|Any CPU.ActiveCfg = Release|Any CPU
		{45E9CA1F-5A54-4620-A97F-90B64A82E756}.Release|Any CPU.Build.0 = Release|Any CPU
	EndGlobalSection
	GlobalSection(SolutionProperties) = preSolution
		HideSolutionNode = FALSE
	EndGlobalSection
	GlobalSection(ExtensibilityGlobals) = postSolution
		SolutionGuid = {96EA6534-F126-466F-9C7E-358BCC31DC4A}
	EndGlobalSection
EndGlobal
